{
    "_readme": [
        "This file locks the dependencies of your project to a known state",
        "Read more about it at https://getcomposer.org/doc/01-basic-usage.md#installing-dependencies",
        "This file is @generated automatically"
    ],
    "content-hash": "ed7c87feefe04ae69abb3586389b4c9c",
    "packages": [
        {
            "name": "adhocore/json-comment",
            "version": "1.1.2",
            "source": {
                "type": "git",
                "url": "https://github.com/adhocore/php-json-comment.git",
                "reference": "fc2f76979f0a44a5f5bc2a2b600d0762fe0e78e7"
            },
            "dist": {
                "type": "zip",
                "url": "https://api.github.com/repos/adhocore/php-json-comment/zipball/fc2f76979f0a44a5f5bc2a2b600d0762fe0e78e7",
                "reference": "fc2f76979f0a44a5f5bc2a2b600d0762fe0e78e7",
                "shasum": ""
            },
            "require": {
                "ext-ctype": "*",
                "php": ">=7.0"
            },
            "require-dev": {
                "phpunit/phpunit": "^6.5 || ^7.5 || ^8.5"
            },
            "type": "library",
            "autoload": {
                "psr-4": {
                    "Ahc\\Json\\": "src/"
                }
            },
            "notification-url": "https://packagist.org/downloads/",
            "license": [
                "MIT"
            ],
            "authors": [
                {
                    "name": "Jitendra Adhikari",
                    "email": "jiten.adhikary@gmail.com"
                }
            ],
            "description": "Lightweight JSON comment stripper library for PHP",
            "keywords": [
                "comment",
                "json",
                "strip-comment"
            ],
            "support": {
                "issues": "https://github.com/adhocore/php-json-comment/issues",
                "source": "https://github.com/adhocore/php-json-comment/tree/1.1.2"
            },
            "funding": [
                {
                    "url": "https://paypal.me/ji10",
                    "type": "custom"
                }
            ],
            "time": "2021-04-09T03:06:06+00:00"
        },
        {
            "name": "pocketmine/binaryutils",
            "version": "0.1.13",
            "source": {
                "type": "git",
                "url": "https://github.com/pmmp/BinaryUtils.git",
                "reference": "0abee38d4e2861621f262c79a2a3d699d8a697f4"
            },
            "dist": {
                "type": "zip",
                "url": "https://api.github.com/repos/pmmp/BinaryUtils/zipball/0abee38d4e2861621f262c79a2a3d699d8a697f4",
                "reference": "0abee38d4e2861621f262c79a2a3d699d8a697f4",
                "shasum": ""
            },
            "require": {
                "php": "^7.2 || ^8.0",
                "php-64bit": "*"
            },
            "require-dev": {
                "phpstan/extension-installer": "^1.0",
                "phpstan/phpstan": "0.12.67",
                "phpstan/phpstan-strict-rules": "^0.12.4"
            },
            "type": "library",
            "autoload": {
                "psr-4": {
                    "pocketmine\\utils\\": "src/"
                }
            },
            "notification-url": "https://packagist.org/downloads/",
            "license": [
                "LGPL-3.0"
            ],
            "description": "Classes and methods for conveniently handling binary data",
            "support": {
                "issues": "https://github.com/pmmp/BinaryUtils/issues",
                "source": "https://github.com/pmmp/BinaryUtils/tree/0.1.13"
            },
            "time": "2021-01-15T14:19:13+00:00"
        },
        {
            "name": "pocketmine/callback-validator",
            "version": "1.0.3",
            "source": {
                "type": "git",
                "url": "https://github.com/pmmp/CallbackValidator.git",
                "reference": "64787469766bcaa7e5885242e85c23c25e8c55a2"
            },
            "dist": {
                "type": "zip",
                "url": "https://api.github.com/repos/pmmp/CallbackValidator/zipball/64787469766bcaa7e5885242e85c23c25e8c55a2",
                "reference": "64787469766bcaa7e5885242e85c23c25e8c55a2",
                "shasum": ""
            },
            "require": {
                "ext-reflection": "*",
                "php": "^7.1 || ^8.0"
            },
            "replace": {
                "daverandom/callback-validator": "*"
            },
            "require-dev": {
                "phpstan/extension-installer": "^1.0",
                "phpstan/phpstan": "0.12.59",
                "phpstan/phpstan-strict-rules": "^0.12.4",
                "phpunit/phpunit": "^7.5 || ^8.5 || ^9.0"
            },
            "type": "library",
            "autoload": {
                "psr-4": {
                    "DaveRandom\\CallbackValidator\\": "src/"
                }
            },
            "notification-url": "https://packagist.org/downloads/",
            "license": [
                "MIT"
            ],
            "authors": [
                {
                    "name": "Chris Wright",
                    "email": "cw@daverandom.com"
                }
            ],
            "description": "Fork of daverandom/callback-validator - Tools for validating callback signatures",
            "support": {
                "issues": "https://github.com/pmmp/CallbackValidator/issues",
                "source": "https://github.com/pmmp/CallbackValidator/tree/1.0.3"
            },
            "time": "2020-12-11T01:45:37+00:00"
        },
        {
            "name": "pocketmine/classloader",
            "version": "0.1.3",
            "source": {
                "type": "git",
                "url": "https://github.com/pmmp/ClassLoader.git",
                "reference": "3c484a27787f7732ce842ed694928a29ba340961"
            },
            "dist": {
                "type": "zip",
                "url": "https://api.github.com/repos/pmmp/ClassLoader/zipball/3c484a27787f7732ce842ed694928a29ba340961",
                "reference": "3c484a27787f7732ce842ed694928a29ba340961",
                "shasum": ""
            },
            "require": {
                "ext-pthreads": "~3.2.0 || ^4.0",
                "ext-reflection": "*",
                "php": "^7.2 || ^8.0"
            },
            "conflict": {
                "pocketmine/spl": "<0.4"
            },
            "require-dev": {
                "phpstan/extension-installer": "^1.0",
                "phpstan/phpstan": "0.12.99",
                "phpstan/phpstan-strict-rules": "^0.12.4"
            },
            "type": "library",
            "autoload": {
                "classmap": [
                    "./src"
                ]
            },
            "notification-url": "https://packagist.org/downloads/",
            "license": [
                "LGPL-3.0"
            ],
            "description": "Ad-hoc autoloading components used by PocketMine-MP",
            "support": {
                "issues": "https://github.com/pmmp/ClassLoader/issues",
                "source": "https://github.com/pmmp/ClassLoader/tree/0.1.3"
            },
            "time": "2021-11-01T20:13:55+00:00"
        },
        {
            "name": "pocketmine/log",
            "version": "0.2.1",
            "source": {
                "type": "git",
                "url": "https://github.com/pmmp/Log.git",
                "reference": "830b44a2cf96ef703c550abe64302f230231ca49"
            },
            "dist": {
                "type": "zip",
                "url": "https://api.github.com/repos/pmmp/Log/zipball/830b44a2cf96ef703c550abe64302f230231ca49",
                "reference": "830b44a2cf96ef703c550abe64302f230231ca49",
                "shasum": ""
            },
            "require": {
                "php": "^7.2 || ^8.0"
            },
            "conflict": {
                "pocketmine/spl": "<0.4"
            },
            "require-dev": {
                "phpstan/phpstan": "0.12.67",
                "phpstan/phpstan-strict-rules": "^0.12.2"
            },
            "type": "library",
            "autoload": {
                "classmap": [
                    "./src"
                ]
            },
            "notification-url": "https://packagist.org/downloads/",
            "license": [
                "LGPL-3.0"
            ],
            "description": "Logging components used by PocketMine-MP and related projects",
            "support": {
                "issues": "https://github.com/pmmp/Log/issues",
                "source": "https://github.com/pmmp/Log/tree/0.2.1"
            },
            "time": "2021-01-15T14:32:41+00:00"
        },
        {
            "name": "pocketmine/log-pthreads",
            "version": "0.1.4",
            "source": {
                "type": "git",
                "url": "https://github.com/pmmp/LogPthreads.git",
                "reference": "01620c3628cdaa6b4a21122cff4c5d2f70b5c1d3"
            },
            "dist": {
                "type": "zip",
                "url": "https://api.github.com/repos/pmmp/LogPthreads/zipball/01620c3628cdaa6b4a21122cff4c5d2f70b5c1d3",
                "reference": "01620c3628cdaa6b4a21122cff4c5d2f70b5c1d3",
                "shasum": ""
            },
            "require": {
                "ext-pthreads": "~3.2.0 || ^4.0",
                "php": "^7.2 || ^8.0",
                "pocketmine/log": "^0.2.0"
            },
            "conflict": {
                "pocketmine/spl": "<0.4"
            },
            "require-dev": {
                "phpstan/extension-installer": "^1.0",
                "phpstan/phpstan": "0.12.80",
                "phpstan/phpstan-strict-rules": "^0.12.4"
            },
            "type": "library",
            "autoload": {
                "classmap": [
                    "./src"
                ]
            },
            "notification-url": "https://packagist.org/downloads/",
            "license": [
                "LGPL-3.0"
            ],
            "description": "Logging components specialized for pthreads used by PocketMine-MP and related projects",
            "support": {
                "issues": "https://github.com/pmmp/LogPthreads/issues",
                "source": "https://github.com/pmmp/LogPthreads/tree/0.1.4"
            },
            "time": "2021-11-01T20:36:53+00:00"
        },
        {
            "name": "pocketmine/math",
            "version": "0.2.6",
            "source": {
                "type": "git",
                "url": "https://github.com/pmmp/Math.git",
                "reference": "43057cb8c179a9859677b496a788db922fd5cfc3"
            },
            "dist": {
                "type": "zip",
                "url": "https://api.github.com/repos/pmmp/Math/zipball/43057cb8c179a9859677b496a788db922fd5cfc3",
                "reference": "43057cb8c179a9859677b496a788db922fd5cfc3",
                "shasum": ""
            },
            "require": {
                "php": "^7.2 || ^8.0",
                "php-64bit": "*"
            },
            "require-dev": {
                "phpstan/extension-installer": "^1.0",
                "phpstan/phpstan": "0.12.67",
                "phpstan/phpstan-strict-rules": "^0.12.4"
            },
            "type": "library",
            "autoload": {
                "psr-4": {
                    "pocketmine\\math\\": "src/"
                }
            },
            "notification-url": "https://packagist.org/downloads/",
            "license": [
                "LGPL-3.0"
            ],
            "description": "PHP library containing math related code used in PocketMine-MP",
            "support": {
                "issues": "https://github.com/pmmp/Math/issues",
                "source": "https://github.com/pmmp/Math/tree/0.2.6"
            },
            "time": "2021-01-15T14:25:11+00:00"
        },
        {
            "name": "pocketmine/nbt",
            "version": "0.2.18",
            "source": {
                "type": "git",
                "url": "https://github.com/pmmp/NBT.git",
                "reference": "9f82ca4d7f97fcd9a566e44b63c4f18a7657ae82"
            },
            "dist": {
                "type": "zip",
                "url": "https://api.github.com/repos/pmmp/NBT/zipball/9f82ca4d7f97fcd9a566e44b63c4f18a7657ae82",
                "reference": "9f82ca4d7f97fcd9a566e44b63c4f18a7657ae82",
                "shasum": ""
            },
            "require": {
                "ext-zlib": "*",
                "php": "^7.2 || ^8.0",
                "php-64bit": "*",
                "pocketmine/binaryutils": "^0.1.9"
            },
            "require-dev": {
                "irstea/phpunit-shim": "^7.5 || ^8.0",
                "phpstan/extension-installer": "^1.0",
                "phpstan/phpstan": "0.12.80",
                "phpstan/phpstan-strict-rules": "^0.12.4"
            },
            "type": "library",
            "autoload": {
                "psr-4": {
                    "pocketmine\\nbt\\": "src/"
                }
            },
            "notification-url": "https://packagist.org/downloads/",
            "license": [
                "LGPL-3.0"
            ],
            "description": "PHP library for working with Named Binary Tags",
            "support": {
                "issues": "https://github.com/pmmp/NBT/issues",
                "source": "https://github.com/pmmp/NBT/tree/0.2.18"
            },
            "time": "2021-03-11T00:09:04+00:00"
        },
        {
            "name": "pocketmine/pocketmine-mp",
            "version": "3.25.1",
            "source": {
                "type": "git",
                "url": "https://github.com/pmmp/PocketMine-MP.git",
                "reference": "a8d5e8c5f6dc33dc697213de60694590b263ff44"
            },
            "dist": {
                "type": "zip",
                "url": "https://api.github.com/repos/pmmp/PocketMine-MP/zipball/a8d5e8c5f6dc33dc697213de60694590b263ff44",
                "reference": "a8d5e8c5f6dc33dc697213de60694590b263ff44",
                "shasum": ""
            },
            "require": {
                "adhocore/json-comment": "^1.1",
                "composer-runtime-api": "^2.0",
                "ext-ctype": "*",
                "ext-curl": "*",
                "ext-date": "*",
                "ext-hash": "*",
                "ext-json": "*",
                "ext-mbstring": "*",
                "ext-openssl": "*",
                "ext-pcre": "*",
                "ext-phar": "*",
                "ext-pthreads": "~3.2.0",
                "ext-reflection": "*",
                "ext-simplexml": "*",
                "ext-sockets": "*",
                "ext-spl": "*",
                "ext-yaml": ">=2.0.0",
                "ext-zip": "*",
                "ext-zlib": ">=1.2.11",
                "php": "^8.0",
                "php-64bit": "*",
                "pocketmine/binaryutils": "^0.1.9",
                "pocketmine/callback-validator": "^1.0.2",
                "pocketmine/classloader": "^0.1.0",
                "pocketmine/log": "^0.2.0",
                "pocketmine/log-pthreads": "^0.1.0",
                "pocketmine/math": "^0.2.0",
                "pocketmine/nbt": "^0.2.18",
                "pocketmine/raklib": "^0.12.7",
                "pocketmine/snooze": "^0.1.0",
                "pocketmine/spl": "^0.4.0"
            },
            "require-dev": {
                "phpstan/phpstan": "0.12.99",
                "phpstan/phpstan-phpunit": "^0.12.6",
                "phpstan/phpstan-strict-rules": "^0.12.2",
                "phpunit/phpunit": "^9.2"
            },
            "type": "project",
            "autoload": {
                "psr-4": {
                    "": [
                        "src"
                    ]
                },
                "files": [
                    "src/pocketmine/CoreConstants.php",
                    "src/pocketmine/GlobalConstants.php",
                    "src/pocketmine/VersionInfo.php"
                ]
            },
            "notification-url": "https://packagist.org/downloads/",
            "license": [
                "LGPL-3.0"
            ],
            "description": "A server software for Minecraft: Bedrock Edition written in PHP",
            "homepage": "https://pmmp.io",
            "support": {
                "issues": "https://github.com/pmmp/PocketMine-MP/issues",
                "source": "https://github.com/pmmp/PocketMine-MP/tree/3.25.1"
            },
            "funding": [
                {
                    "url": "https://github.com/pmmp/PocketMine-MP#donate",
                    "type": "custom"
                },
                {
                    "url": "https://www.patreon.com/pocketminemp",
                    "type": "patreon"
                }
            ],
            "time": "2021-10-29T21:23:22+00:00"
        },
        {
            "name": "pocketmine/raklib",
            "version": "0.12.12",
            "source": {
                "type": "git",
                "url": "https://github.com/pmmp/RakLib.git",
                "reference": "5abe22043352e94099e4edfcef5fb3644578ddc1"
            },
            "dist": {
                "type": "zip",
                "url": "https://api.github.com/repos/pmmp/RakLib/zipball/5abe22043352e94099e4edfcef5fb3644578ddc1",
                "reference": "5abe22043352e94099e4edfcef5fb3644578ddc1",
                "shasum": ""
            },
            "require": {
                "ext-pthreads": "~3.2.0 || ^4.0",
                "ext-sockets": "*",
                "php": "^7.2 || ^8.0",
                "php-64bit": "*",
                "php-ipv6": "*",
                "pocketmine/binaryutils": "^0.1.9",
                "pocketmine/log": "^0.2.0",
                "pocketmine/log-pthreads": "^0.1.0",
                "pocketmine/snooze": "^0.1.0"
            },
            "require-dev": {
                "phpstan/phpstan": "0.12.87",
                "phpstan/phpstan-strict-rules": "^0.12.2"
            },
            "type": "library",
            "autoload": {
                "psr-4": {
                    "raklib\\": "src/"
                }
            },
            "notification-url": "https://packagist.org/downloads/",
            "license": [
                "GPL-3.0"
            ],
            "description": "A RakNet server implementation written in PHP",
            "support": {
                "issues": "https://github.com/pmmp/RakLib/issues",
                "source": "https://github.com/pmmp/RakLib/tree/0.12.12"
            },
            "time": "2021-11-01T20:52:51+00:00"
        },
        {
            "name": "pocketmine/snooze",
            "version": "0.1.6",
            "source": {
                "type": "git",
                "url": "https://github.com/pmmp/Snooze.git",
                "reference": "92abf1e988c71635d466abb777f61f89e5a9c990"
            },
            "dist": {
                "type": "zip",
                "url": "https://api.github.com/repos/pmmp/Snooze/zipball/92abf1e988c71635d466abb777f61f89e5a9c990",
                "reference": "92abf1e988c71635d466abb777f61f89e5a9c990",
                "shasum": ""
            },
            "require": {
                "ext-pthreads": "~3.2.0 || ^4.0",
                "php-64bit": "^7.2 || ^8.0"
            },
            "require-dev": {
                "phpstan/extension-installer": "^1.0",
                "phpstan/phpstan": "0.12.76",
                "phpstan/phpstan-strict-rules": "^0.12.4"
            },
            "type": "library",
            "autoload": {
                "psr-4": {
                    "pocketmine\\snooze\\": "src/"
                }
            },
            "notification-url": "https://packagist.org/downloads/",
            "license": [
                "LGPL-3.0"
            ],
            "description": "Thread notification management library for code using the pthreads extension",
            "support": {
                "issues": "https://github.com/pmmp/Snooze/issues",
                "source": "https://github.com/pmmp/Snooze/tree/0.1.6"
            },
            "time": "2021-11-01T20:48:46+00:00"
        },
        {
            "name": "pocketmine/spl",
            "version": "0.4.2",
            "source": {
                "type": "git",
                "url": "https://github.com/pmmp/SPL.git",
                "reference": "6b08b7cf8c4afa17139c9a1b3bf1b408531de161"
            },
            "dist": {
                "type": "zip",
                "url": "https://api.github.com/repos/pmmp/SPL/zipball/6b08b7cf8c4afa17139c9a1b3bf1b408531de161",
                "reference": "6b08b7cf8c4afa17139c9a1b3bf1b408531de161",
                "shasum": ""
            },
            "require": {
                "php": "^7.2 || ^8.0"
            },
            "require-dev": {
                "phpstan/phpstan": "^0.12.8"
            },
            "type": "library",
            "autoload": {
                "classmap": [
                    "./src"
                ]
            },
            "notification-url": "https://packagist.org/downloads/",
            "license": [
                "LGPL-3.0"
            ],
            "description": "Standard library files required by PocketMine-MP and related projects",
            "support": {
                "issues": "https://github.com/pmmp/SPL/issues",
                "source": "https://github.com/pmmp/SPL/tree/0.4.2"
            },
            "abandoned": true,
            "time": "2021-01-15T15:15:23+00:00"
        }
    ],
    "packages-dev": [],
    "aliases": [],
    "minimum-stability": "stable",
    "stability-flags": [],
    "prefer-stable": false,
    "prefer-lowest": false,
    "platform": {
        "ext-pthreads": "*",
        "ext-mbstring": "*",
        "ext-ctype": "*",
        "ext-mysqli": "*",
        "ext-bcmath": "*",
        "ext-sqlite3": "*"
    },
    "platform-dev": [],
    "plugin-api-version": "2.1.0"
}
