{
    "_readme": [
        "This file locks the dependencies of your project to a known state",
        "Read more about it at https://getcomposer.org/doc/01-basic-usage.md#installing-dependencies",
        "This file is @generated automatically"
    ],
    "content-hash": "4117187857a31e46fe355904abe715d2",
    "packages": [
        {
            "name": "adhocore/json-comment",
            "version": "1.2.1",
            "source": {
                "type": "git",
                "url": "https://github.com/adhocore/php-json-comment.git",
                "reference": "651023f9fe52e9efa2198cbaf6e481d1968e2377"
            },
            "dist": {
                "type": "zip",
                "url": "https://api.github.com/repos/adhocore/php-json-comment/zipball/651023f9fe52e9efa2198cbaf6e481d1968e2377",
                "reference": "651023f9fe52e9efa2198cbaf6e481d1968e2377",
                "shasum": ""
            },
            "require": {
                "ext-ctype": "*",
                "php": ">=7.0"
            },
            "require-dev": {
                "phpunit/phpunit": "^6.5 || ^7.5 || ^8.5"
            },
            "type": "library",
            "autoload": {
                "psr-4": {
                    "Ahc\\Json\\": "src/"
                }
            },
            "notification-url": "https://packagist.org/downloads/",
            "license": [
                "MIT"
            ],
            "authors": [
                {
                    "name": "Jitendra Adhikari",
                    "email": "jiten.adhikary@gmail.com"
                }
            ],
            "description": "Lightweight JSON comment stripper library for PHP",
            "keywords": [
                "comment",
                "json",
                "strip-comment"
            ],
            "support": {
                "issues": "https://github.com/adhocore/php-json-comment/issues",
                "source": "https://github.com/adhocore/php-json-comment/tree/1.2.1"
            },
            "funding": [
                {
                    "url": "https://paypal.me/ji10",
                    "type": "custom"
                },
                {
                    "url": "https://github.com/adhocore",
                    "type": "github"
                }
            ],
            "time": "2022-10-02T11:22:07+00:00"
        },
        {
            "name": "brick/math",
            "version": "0.11.0",
            "source": {
                "type": "git",
                "url": "https://github.com/brick/math.git",
                "reference": "0ad82ce168c82ba30d1c01ec86116ab52f589478"
            },
            "dist": {
                "type": "zip",
                "url": "https://api.github.com/repos/brick/math/zipball/0ad82ce168c82ba30d1c01ec86116ab52f589478",
                "reference": "0ad82ce168c82ba30d1c01ec86116ab52f589478",
                "shasum": ""
            },
            "require": {
                "php": "^8.0"
            },
            "require-dev": {
                "php-coveralls/php-coveralls": "^2.2",
                "phpunit/phpunit": "^9.0",
                "vimeo/psalm": "5.0.0"
            },
            "type": "library",
            "autoload": {
                "psr-4": {
                    "Brick\\Math\\": "src/"
                }
            },
            "notification-url": "https://packagist.org/downloads/",
            "license": [
                "MIT"
            ],
            "description": "Arbitrary-precision arithmetic library",
            "keywords": [
                "Arbitrary-precision",
                "BigInteger",
                "BigRational",
                "arithmetic",
                "bigdecimal",
                "bignum",
                "brick",
                "math"
            ],
            "support": {
                "issues": "https://github.com/brick/math/issues",
                "source": "https://github.com/brick/math/tree/0.11.0"
            },
            "funding": [
                {
                    "url": "https://github.com/BenMorel",
                    "type": "github"
                }
            ],
            "time": "2023-01-15T23:15:59+00:00"
        },
        {
            "name": "pocketmine/bedrock-block-upgrade-schema",
            "version": "3.1.0",
            "source": {
                "type": "git",
                "url": "https://github.com/pmmp/BedrockBlockUpgradeSchema.git",
                "reference": "6d4ae416043337946a22fc31e8065ca2c21f472d"
            },
            "dist": {
                "type": "zip",
                "url": "https://api.github.com/repos/pmmp/BedrockBlockUpgradeSchema/zipball/6d4ae416043337946a22fc31e8065ca2c21f472d",
                "reference": "6d4ae416043337946a22fc31e8065ca2c21f472d",
                "shasum": ""
            },
            "type": "library",
            "notification-url": "https://packagist.org/downloads/",
            "license": [
                "CC0-1.0"
            ],
            "description": "Schemas describing how to upgrade saved block data in older Minecraft: Bedrock Edition world saves",
            "support": {
                "issues": "https://github.com/pmmp/BedrockBlockUpgradeSchema/issues",
                "source": "https://github.com/pmmp/BedrockBlockUpgradeSchema/tree/3.1.0"
            },
            "time": "2023-07-12T12:05:36+00:00"
        },
        {
            "name": "pocketmine/bedrock-data",
            "version": "2.4.0+bedrock-1.20.10",
            "source": {
                "type": "git",
                "url": "https://github.com/pmmp/BedrockData.git",
                "reference": "f98bd1cae46d2920058acf3b23c0bedeac79f4ab"
            },
            "dist": {
                "type": "zip",
                "url": "https://api.github.com/repos/pmmp/BedrockData/zipball/f98bd1cae46d2920058acf3b23c0bedeac79f4ab",
                "reference": "f98bd1cae46d2920058acf3b23c0bedeac79f4ab",
                "shasum": ""
            },
            "type": "library",
            "notification-url": "https://packagist.org/downloads/",
            "license": [
                "CC0-1.0"
            ],
            "description": "Blobs of data generated from Minecraft: Bedrock Edition, used by PocketMine-MP",
            "support": {
                "issues": "https://github.com/pmmp/BedrockData/issues",
                "source": "https://github.com/pmmp/BedrockData/tree/bedrock-1.20.10"
            },
            "time": "2023-07-12T11:51:54+00:00"
        },
        {
            "name": "pocketmine/bedrock-item-upgrade-schema",
            "version": "1.4.0",
            "source": {
                "type": "git",
                "url": "https://github.com/pmmp/BedrockItemUpgradeSchema.git",
                "reference": "60d199afe5e371fd189b21d685ec1fed6ba54230"
            },
            "dist": {
                "type": "zip",
                "url": "https://api.github.com/repos/pmmp/BedrockItemUpgradeSchema/zipball/60d199afe5e371fd189b21d685ec1fed6ba54230",
                "reference": "60d199afe5e371fd189b21d685ec1fed6ba54230",
                "shasum": ""
            },
            "type": "library",
            "notification-url": "https://packagist.org/downloads/",
            "license": [
                "CC0-1.0"
            ],
            "description": "JSON schemas for upgrading items found in older Minecraft: Bedrock world saves",
            "support": {
                "issues": "https://github.com/pmmp/BedrockItemUpgradeSchema/issues",
                "source": "https://github.com/pmmp/BedrockItemUpgradeSchema/tree/1.4.0"
            },
            "time": "2023-07-12T12:08:37+00:00"
        },
        {
            "name": "pocketmine/bedrock-protocol",
            "version": "23.0.3+bedrock-1.20.10",
            "source": {
                "type": "git",
                "url": "https://github.com/pmmp/BedrockProtocol.git",
                "reference": "e4157c7af3f91e1b08fe21be171eb73dad7029e9"
            },
            "dist": {
                "type": "zip",
                "url": "https://api.github.com/repos/pmmp/BedrockProtocol/zipball/e4157c7af3f91e1b08fe21be171eb73dad7029e9",
                "reference": "e4157c7af3f91e1b08fe21be171eb73dad7029e9",
                "shasum": ""
            },
            "require": {
                "ext-json": "*",
                "netresearch/jsonmapper": "^4.0",
                "php": "^8.0",
                "pocketmine/binaryutils": "^0.2.0",
                "pocketmine/color": "^0.2.0 || ^0.3.0",
                "pocketmine/math": "^0.3.0 || ^0.4.0 || ^1.0.0",
                "pocketmine/nbt": "^0.3.0 || ^1.0.0",
                "ramsey/uuid": "^4.1"
            },
            "require-dev": {
                "phpstan/phpstan": "1.10.7",
                "phpstan/phpstan-phpunit": "^1.0.0",
                "phpstan/phpstan-strict-rules": "^1.0.0",
                "phpunit/phpunit": "^9.5"
            },
            "type": "library",
            "autoload": {
                "psr-4": {
                    "pocketmine\\network\\mcpe\\protocol\\": "src/"
                }
            },
            "notification-url": "https://packagist.org/downloads/",
            "license": [
                "LGPL-3.0"
            ],
            "description": "An implementation of the Minecraft: Bedrock Edition protocol in PHP",
            "support": {
                "issues": "https://github.com/pmmp/BedrockProtocol/issues",
                "source": "https://github.com/pmmp/BedrockProtocol/tree/23.0.3+bedrock-1.20.10"
            },
            "time": "2023-08-03T15:30:52+00:00"
        },
        {
            "name": "pocketmine/binaryutils",
            "version": "0.2.4",
            "source": {
                "type": "git",
                "url": "https://github.com/pmmp/BinaryUtils.git",
                "reference": "5ac7eea91afbad8dc498f5ce34ce6297d5e6ea9a"
            },
            "dist": {
                "type": "zip",
                "url": "https://api.github.com/repos/pmmp/BinaryUtils/zipball/5ac7eea91afbad8dc498f5ce34ce6297d5e6ea9a",
                "reference": "5ac7eea91afbad8dc498f5ce34ce6297d5e6ea9a",
                "shasum": ""
            },
            "require": {
                "php": "^7.4 || ^8.0",
                "php-64bit": "*"
            },
            "require-dev": {
                "phpstan/extension-installer": "^1.0",
                "phpstan/phpstan": "1.3.0",
                "phpstan/phpstan-phpunit": "^1.0",
                "phpstan/phpstan-strict-rules": "^1.0.0",
                "phpunit/phpunit": "^9.5"
            },
            "type": "library",
            "autoload": {
                "psr-4": {
                    "pocketmine\\utils\\": "src/"
                }
            },
            "notification-url": "https://packagist.org/downloads/",
            "license": [
                "LGPL-3.0"
            ],
            "description": "Classes and methods for conveniently handling binary data",
            "support": {
                "issues": "https://github.com/pmmp/BinaryUtils/issues",
                "source": "https://github.com/pmmp/BinaryUtils/tree/0.2.4"
            },
            "time": "2022-01-12T18:06:33+00:00"
        },
        {
            "name": "pocketmine/callback-validator",
            "version": "1.0.3",
            "source": {
                "type": "git",
                "url": "https://github.com/pmmp/CallbackValidator.git",
                "reference": "64787469766bcaa7e5885242e85c23c25e8c55a2"
            },
            "dist": {
                "type": "zip",
                "url": "https://api.github.com/repos/pmmp/CallbackValidator/zipball/64787469766bcaa7e5885242e85c23c25e8c55a2",
                "reference": "64787469766bcaa7e5885242e85c23c25e8c55a2",
                "shasum": ""
            },
            "require": {
                "ext-reflection": "*",
                "php": "^7.1 || ^8.0"
            },
            "replace": {
                "daverandom/callback-validator": "*"
            },
            "require-dev": {
                "phpstan/extension-installer": "^1.0",
                "phpstan/phpstan": "0.12.59",
                "phpstan/phpstan-strict-rules": "^0.12.4",
                "phpunit/phpunit": "^7.5 || ^8.5 || ^9.0"
            },
            "type": "library",
            "autoload": {
                "psr-4": {
                    "DaveRandom\\CallbackValidator\\": "src/"
                }
            },
            "notification-url": "https://packagist.org/downloads/",
            "license": [
                "MIT"
            ],
            "authors": [
                {
                    "name": "Chris Wright",
                    "email": "cw@daverandom.com"
                }
            ],
            "description": "Fork of daverandom/callback-validator - Tools for validating callback signatures",
            "support": {
                "issues": "https://github.com/pmmp/CallbackValidator/issues",
                "source": "https://github.com/pmmp/CallbackValidator/tree/1.0.3"
            },
            "time": "2020-12-11T01:45:37+00:00"
        },
        {
            "name": "pocketmine/color",
            "version": "0.3.1",
            "source": {
                "type": "git",
                "url": "https://github.com/pmmp/Color.git",
                "reference": "a0421f1e9e0b0c619300fb92d593283378f6a5e1"
            },
            "dist": {
                "type": "zip",
                "url": "https://api.github.com/repos/pmmp/Color/zipball/a0421f1e9e0b0c619300fb92d593283378f6a5e1",
                "reference": "a0421f1e9e0b0c619300fb92d593283378f6a5e1",
                "shasum": ""
            },
            "require": {
                "php": "^8.0"
            },
            "require-dev": {
                "phpstan/phpstan": "1.10.3",
                "phpstan/phpstan-strict-rules": "^1.2.0"
            },
            "type": "library",
            "autoload": {
                "psr-4": {
                    "pocketmine\\color\\": "src/"
                }
            },
            "notification-url": "https://packagist.org/downloads/",
            "license": [
                "LGPL-3.0"
            ],
            "description": "Color handling library used by PocketMine-MP and related projects",
            "support": {
                "issues": "https://github.com/pmmp/Color/issues",
                "source": "https://github.com/pmmp/Color/tree/0.3.1"
            },
            "time": "2023-04-10T11:38:05+00:00"
        },
        {
            "name": "pocketmine/errorhandler",
            "version": "0.6.0",
            "source": {
                "type": "git",
                "url": "https://github.com/pmmp/ErrorHandler.git",
                "reference": "dae214a04348b911e8219ebf125ff1c5589cc878"
            },
            "dist": {
                "type": "zip",
                "url": "https://api.github.com/repos/pmmp/ErrorHandler/zipball/dae214a04348b911e8219ebf125ff1c5589cc878",
                "reference": "dae214a04348b911e8219ebf125ff1c5589cc878",
                "shasum": ""
            },
            "require": {
                "php": "^8.0"
            },
            "require-dev": {
                "phpstan/phpstan": "0.12.99",
                "phpstan/phpstan-strict-rules": "^0.12.2",
                "phpunit/phpunit": "^9.5"
            },
            "type": "library",
            "autoload": {
                "psr-4": {
                    "pocketmine\\errorhandler\\": "src/"
                }
            },
            "notification-url": "https://packagist.org/downloads/",
            "license": [
                "LGPL-3.0"
            ],
            "description": "Utilities to handle nasty PHP E_* errors in a usable way",
            "support": {
                "issues": "https://github.com/pmmp/ErrorHandler/issues",
                "source": "https://github.com/pmmp/ErrorHandler/tree/0.6.0"
            },
            "time": "2022-01-08T21:05:46+00:00"
        },
        {
            "name": "pocketmine/locale-data",
            "version": "2.19.6",
            "source": {
                "type": "git",
                "url": "https://github.com/pmmp/Language.git",
                "reference": "93e473e20e7f4515ecf45c5ef0f9155b9247a86e"
            },
            "dist": {
                "type": "zip",
                "url": "https://api.github.com/repos/pmmp/Language/zipball/93e473e20e7f4515ecf45c5ef0f9155b9247a86e",
                "reference": "93e473e20e7f4515ecf45c5ef0f9155b9247a86e",
                "shasum": ""
            },
            "type": "library",
            "notification-url": "https://packagist.org/downloads/",
            "description": "Language resources used by PocketMine-MP",
            "support": {
                "issues": "https://github.com/pmmp/Language/issues",
                "source": "https://github.com/pmmp/Language/tree/2.19.6"
            },
            "time": "2023-08-08T16:53:23+00:00"
        },
        {
            "name": "pocketmine/log",
            "version": "0.4.0",
            "source": {
                "type": "git",
                "url": "https://github.com/pmmp/Log.git",
                "reference": "e6c912c0f9055c81d23108ec2d179b96f404c043"
            },
            "dist": {
                "type": "zip",
                "url": "https://api.github.com/repos/pmmp/Log/zipball/e6c912c0f9055c81d23108ec2d179b96f404c043",
                "reference": "e6c912c0f9055c81d23108ec2d179b96f404c043",
                "shasum": ""
            },
            "require": {
                "php": "^7.4 || ^8.0"
            },
            "conflict": {
                "pocketmine/spl": "<0.4"
            },
            "require-dev": {
                "phpstan/phpstan": "0.12.88",
                "phpstan/phpstan-strict-rules": "^0.12.2"
            },
            "type": "library",
            "autoload": {
                "classmap": [
                    "./src"
                ]
            },
            "notification-url": "https://packagist.org/downloads/",
            "license": [
                "LGPL-3.0"
            ],
            "description": "Logging components used by PocketMine-MP and related projects",
            "support": {
                "issues": "https://github.com/pmmp/Log/issues",
                "source": "https://github.com/pmmp/Log/tree/0.4.0"
            },
            "time": "2021-06-18T19:08:09+00:00"
        },
        {
            "name": "pocketmine/math",
            "version": "0.4.3",
            "source": {
                "type": "git",
                "url": "https://github.com/pmmp/Math.git",
                "reference": "47a243d320b01c8099d65309967934c188111549"
            },
            "dist": {
                "type": "zip",
                "url": "https://api.github.com/repos/pmmp/Math/zipball/47a243d320b01c8099d65309967934c188111549",
                "reference": "47a243d320b01c8099d65309967934c188111549",
                "shasum": ""
            },
            "require": {
                "php": "^8.0",
                "php-64bit": "*"
            },
            "require-dev": {
                "phpstan/extension-installer": "^1.0",
                "phpstan/phpstan": "1.8.2",
                "phpstan/phpstan-strict-rules": "^1.0",
                "phpunit/phpunit": "^8.5 || ^9.5"
            },
            "type": "library",
            "autoload": {
                "psr-4": {
                    "pocketmine\\math\\": "src/"
                }
            },
            "notification-url": "https://packagist.org/downloads/",
            "license": [
                "LGPL-3.0"
            ],
            "description": "PHP library containing math related code used in PocketMine-MP",
            "support": {
                "issues": "https://github.com/pmmp/Math/issues",
                "source": "https://github.com/pmmp/Math/tree/0.4.3"
            },
            "time": "2022-08-25T18:43:37+00:00"
        },
        {
            "name": "pocketmine/nbt",
            "version": "0.3.4",
            "source": {
                "type": "git",
                "url": "https://github.com/pmmp/NBT.git",
                "reference": "62c02464c6708b2467c1e1a2af01af09d5114eda"
            },
            "dist": {
                "type": "zip",
                "url": "https://api.github.com/repos/pmmp/NBT/zipball/62c02464c6708b2467c1e1a2af01af09d5114eda",
                "reference": "62c02464c6708b2467c1e1a2af01af09d5114eda",
                "shasum": ""
            },
            "require": {
                "php": "^7.4 || ^8.0",
                "php-64bit": "*",
                "pocketmine/binaryutils": "^0.2.0"
            },
            "require-dev": {
                "phpstan/extension-installer": "^1.0",
                "phpstan/phpstan": "1.10.3",
                "phpstan/phpstan-strict-rules": "^1.0",
                "phpunit/phpunit": "^9.5"
            },
            "type": "library",
            "autoload": {
                "psr-4": {
                    "pocketmine\\nbt\\": "src/"
                }
            },
            "notification-url": "https://packagist.org/downloads/",
            "license": [
                "LGPL-3.0"
            ],
            "description": "PHP library for working with Named Binary Tags",
            "support": {
                "issues": "https://github.com/pmmp/NBT/issues",
                "source": "https://github.com/pmmp/NBT/tree/0.3.4"
            },
            "time": "2023-04-10T11:31:20+00:00"
        },
        {
            "name": "pocketmine/netresearch-jsonmapper",
            "version": "v4.2.1000",
            "source": {
                "type": "git",
                "url": "https://github.com/pmmp/netresearch-jsonmapper.git",
                "reference": "078764e869e9b732f97206ec9363480a77c35532"
            },
            "dist": {
                "type": "zip",
                "url": "https://api.github.com/repos/pmmp/netresearch-jsonmapper/zipball/078764e869e9b732f97206ec9363480a77c35532",
                "reference": "078764e869e9b732f97206ec9363480a77c35532",
                "shasum": ""
            },
            "require": {
                "ext-json": "*",
                "ext-pcre": "*",
                "ext-reflection": "*",
                "ext-spl": "*",
                "php": ">=7.1"
            },
            "replace": {
                "netresearch/jsonmapper": "~4.2.0"
            },
            "require-dev": {
                "phpunit/phpunit": "~7.5 || ~8.0 || ~9.0",
                "squizlabs/php_codesniffer": "~3.5"
            },
            "type": "library",
            "autoload": {
                "psr-0": {
                    "JsonMapper": "src/"
                }
            },
            "notification-url": "https://packagist.org/downloads/",
            "license": [
                "OSL-3.0"
            ],
            "authors": [
                {
                    "name": "Christian Weiske",
                    "email": "cweiske@cweiske.de",
                    "homepage": "http://github.com/cweiske/jsonmapper/",
                    "role": "Developer"
                }
            ],
            "description": "Fork of netresearch/jsonmapper with security fixes needed by pocketmine/pocketmine-mp",
            "support": {
                "email": "cweiske@cweiske.de",
                "issues": "https://github.com/cweiske/jsonmapper/issues",
                "source": "https://github.com/pmmp/netresearch-jsonmapper/tree/v4.2.1000"
            },
            "time": "2023-07-14T10:44:14+00:00"
        },
        {
            "name": "pocketmine/pocketmine-mp",
            "version": "5.4.0",
            "source": {
                "type": "git",
                "url": "https://github.com/pmmp/PocketMine-MP.git",
                "reference": "01664d2e81eadb65a076fb665ba7c67cbd8e90a9"
            },
            "dist": {
                "type": "zip",
                "url": "https://api.github.com/repos/pmmp/PocketMine-MP/zipball/01664d2e81eadb65a076fb665ba7c67cbd8e90a9",
                "reference": "01664d2e81eadb65a076fb665ba7c67cbd8e90a9",
                "shasum": ""
            },
            "require": {
                "adhocore/json-comment": "~1.2.0",
                "composer-runtime-api": "^2.0",
                "ext-chunkutils2": "^0.3.1",
                "ext-crypto": "^0.3.1",
                "ext-ctype": "*",
                "ext-curl": "*",
                "ext-date": "*",
                "ext-gmp": "*",
                "ext-hash": "*",
                "ext-igbinary": "^3.0.1",
                "ext-json": "*",
                "ext-leveldb": "^0.2.1 || ^0.3.0",
                "ext-mbstring": "*",
                "ext-morton": "^0.1.0",
                "ext-openssl": "*",
                "ext-pcre": "*",
                "ext-phar": "*",
                "ext-pmmpthread": "^6.0.4",
                "ext-reflection": "*",
                "ext-simplexml": "*",
                "ext-sockets": "*",
                "ext-spl": "*",
                "ext-yaml": ">=2.0.0",
                "ext-zip": "*",
                "ext-zlib": ">=1.2.11",
                "php": "^8.1",
                "php-64bit": "*",
                "pocketmine/bedrock-block-upgrade-schema": "~3.1.0+bedrock-1.20.10",
                "pocketmine/bedrock-data": "~2.4.0+bedrock-1.20.10",
                "pocketmine/bedrock-item-upgrade-schema": "~1.4.0+bedrock-1.20.10",
                "pocketmine/bedrock-protocol": "~23.0.2+bedrock-1.20.10",
                "pocketmine/binaryutils": "^0.2.1",
                "pocketmine/callback-validator": "^1.0.2",
                "pocketmine/color": "^0.3.0",
                "pocketmine/errorhandler": "^0.6.0",
                "pocketmine/locale-data": "~2.19.0",
                "pocketmine/log": "^0.4.0",
                "pocketmine/math": "^0.4.0",
                "pocketmine/nbt": "^0.3.2",
                "pocketmine/netresearch-jsonmapper": "~v4.2.1000",
                "pocketmine/raklib": "^0.15.0",
                "pocketmine/raklib-ipc": "^0.2.0",
                "pocketmine/snooze": "^0.5.0",
                "ramsey/uuid": "~4.7.0",
                "symfony/filesystem": "~6.3.0"
            },
            "require-dev": {
                "phpstan/phpstan": "1.10.16",
                "phpstan/phpstan-phpunit": "^1.1.0",
                "phpstan/phpstan-strict-rules": "^1.2.0",
                "phpunit/phpunit": "^10.1"
            },
            "type": "project",
            "autoload": {
                "files": [
                    "src/CoreConstants.php"
                ],
                "psr-4": {
                    "pocketmine\\": "src/"
                }
            },
            "notification-url": "https://packagist.org/downloads/",
            "license": [
                "LGPL-3.0"
            ],
            "description": "A server software for Minecraft: Bedrock Edition written in PHP",
            "homepage": "https://pmmp.io",
            "support": {
                "issues": "https://github.com/pmmp/PocketMine-MP/issues",
                "source": "https://github.com/pmmp/PocketMine-MP/tree/5.4.0"
            },
            "funding": [
                {
                    "url": "https://github.com/pmmp/PocketMine-MP#donate",
                    "type": "custom"
                },
                {
                    "url": "https://www.patreon.com/pocketminemp",
                    "type": "patreon"
                }
            ],
            "time": "2023-08-01T11:46:53+00:00"
        },
        {
            "name": "pocketmine/raklib",
            "version": "0.15.1",
            "source": {
                "type": "git",
                "url": "https://github.com/pmmp/RakLib.git",
                "reference": "79b7b4d1d7516dc6e322514453645ad9452b20ca"
            },
            "dist": {
                "type": "zip",
                "url": "https://api.github.com/repos/pmmp/RakLib/zipball/79b7b4d1d7516dc6e322514453645ad9452b20ca",
                "reference": "79b7b4d1d7516dc6e322514453645ad9452b20ca",
                "shasum": ""
            },
            "require": {
                "ext-sockets": "*",
                "php": "^8.0",
                "php-64bit": "*",
                "php-ipv6": "*",
                "pocketmine/binaryutils": "^0.2.0",
                "pocketmine/log": "^0.3.0 || ^0.4.0"
            },
            "require-dev": {
                "phpstan/phpstan": "1.9.17",
                "phpstan/phpstan-strict-rules": "^1.0"
            },
            "type": "library",
            "autoload": {
                "psr-4": {
                    "raklib\\": "src/"
                }
            },
            "notification-url": "https://packagist.org/downloads/",
            "license": [
                "GPL-3.0"
            ],
            "description": "A RakNet server implementation written in PHP",
            "support": {
                "issues": "https://github.com/pmmp/RakLib/issues",
                "source": "https://github.com/pmmp/RakLib/tree/0.15.1"
            },
            "time": "2023-03-07T15:10:34+00:00"
        },
        {
            "name": "pocketmine/raklib-ipc",
            "version": "0.2.0",
            "source": {
                "type": "git",
                "url": "https://github.com/pmmp/RakLibIpc.git",
                "reference": "26ed56fa9db06e4ca6e8920c0ede2e01e219bb9c"
            },
            "dist": {
                "type": "zip",
                "url": "https://api.github.com/repos/pmmp/RakLibIpc/zipball/26ed56fa9db06e4ca6e8920c0ede2e01e219bb9c",
                "reference": "26ed56fa9db06e4ca6e8920c0ede2e01e219bb9c",
                "shasum": ""
            },
            "require": {
                "php": "^8.0",
                "php-64bit": "*",
                "pocketmine/binaryutils": "^0.2.0",
                "pocketmine/raklib": "^0.15.0"
            },
            "require-dev": {
                "phpstan/phpstan": "1.9.17",
                "phpstan/phpstan-strict-rules": "^1.0.0"
            },
            "type": "library",
            "autoload": {
                "psr-4": {
                    "raklib\\server\\ipc\\": "src/"
                }
            },
            "notification-url": "https://packagist.org/downloads/",
            "license": [
                "GPL-3.0"
            ],
            "description": "Channel-based protocols for inter-thread/inter-process communication with RakLib",
            "support": {
                "issues": "https://github.com/pmmp/RakLibIpc/issues",
                "source": "https://github.com/pmmp/RakLibIpc/tree/0.2.0"
            },
            "time": "2023-02-13T13:40:40+00:00"
        },
        {
            "name": "pocketmine/snooze",
            "version": "0.5.0",
            "source": {
                "type": "git",
                "url": "https://github.com/pmmp/Snooze.git",
                "reference": "a86d9ee60ce44755d166d3c7ba4b8b8be8360915"
            },
            "dist": {
                "type": "zip",
                "url": "https://api.github.com/repos/pmmp/Snooze/zipball/a86d9ee60ce44755d166d3c7ba4b8b8be8360915",
                "reference": "a86d9ee60ce44755d166d3c7ba4b8b8be8360915",
                "shasum": ""
            },
            "require": {
                "ext-pmmpthread": "^6.0",
                "php-64bit": "^8.1"
            },
            "require-dev": {
                "phpstan/extension-installer": "^1.0",
                "phpstan/phpstan": "1.10.3",
                "phpstan/phpstan-strict-rules": "^1.0"
            },
            "type": "library",
            "autoload": {
                "psr-4": {
                    "pocketmine\\snooze\\": "src/"
                }
            },
            "notification-url": "https://packagist.org/downloads/",
            "license": [
                "LGPL-3.0"
            ],
            "description": "Thread notification management library for code using the pthreads extension",
            "support": {
                "issues": "https://github.com/pmmp/Snooze/issues",
                "source": "https://github.com/pmmp/Snooze/tree/0.5.0"
            },
            "time": "2023-05-22T23:43:01+00:00"
        },
        {
            "name": "ramsey/collection",
            "version": "2.0.0",
            "source": {
                "type": "git",
                "url": "https://github.com/ramsey/collection.git",
                "reference": "a4b48764bfbb8f3a6a4d1aeb1a35bb5e9ecac4a5"
            },
            "dist": {
                "type": "zip",
                "url": "https://api.github.com/repos/ramsey/collection/zipball/a4b48764bfbb8f3a6a4d1aeb1a35bb5e9ecac4a5",
                "reference": "a4b48764bfbb8f3a6a4d1aeb1a35bb5e9ecac4a5",
                "shasum": ""
            },
            "require": {
                "php": "^8.1"
            },
            "require-dev": {
                "captainhook/plugin-composer": "^5.3",
                "ergebnis/composer-normalize": "^2.28.3",
                "fakerphp/faker": "^1.21",
                "hamcrest/hamcrest-php": "^2.0",
                "jangregor/phpstan-prophecy": "^1.0",
                "mockery/mockery": "^1.5",
                "php-parallel-lint/php-console-highlighter": "^1.0",
                "php-parallel-lint/php-parallel-lint": "^1.3",
                "phpcsstandards/phpcsutils": "^1.0.0-rc1",
                "phpspec/prophecy-phpunit": "^2.0",
                "phpstan/extension-installer": "^1.2",
                "phpstan/phpstan": "^1.9",
                "phpstan/phpstan-mockery": "^1.1",
                "phpstan/phpstan-phpunit": "^1.3",
                "phpunit/phpunit": "^9.5",
                "psalm/plugin-mockery": "^1.1",
                "psalm/plugin-phpunit": "^0.18.4",
                "ramsey/coding-standard": "^2.0.3",
                "ramsey/conventional-commits": "^1.3",
                "vimeo/psalm": "^5.4"
            },
            "type": "library",
            "extra": {
                "captainhook": {
                    "force-install": true
                },
                "ramsey/conventional-commits": {
                    "configFile": "conventional-commits.json"
                }
            },
            "autoload": {
                "psr-4": {
                    "Ramsey\\Collection\\": "src/"
                }
            },
            "notification-url": "https://packagist.org/downloads/",
            "license": [
                "MIT"
            ],
            "authors": [
                {
                    "name": "Ben Ramsey",
                    "email": "ben@benramsey.com",
                    "homepage": "https://benramsey.com"
                }
            ],
            "description": "A PHP library for representing and manipulating collections.",
            "keywords": [
                "array",
                "collection",
                "hash",
                "map",
                "queue",
                "set"
            ],
            "support": {
                "issues": "https://github.com/ramsey/collection/issues",
                "source": "https://github.com/ramsey/collection/tree/2.0.0"
            },
            "funding": [
                {
                    "url": "https://github.com/ramsey",
                    "type": "github"
                },
                {
                    "url": "https://tidelift.com/funding/github/packagist/ramsey/collection",
                    "type": "tidelift"
                }
            ],
            "time": "2022-12-31T21:50:55+00:00"
        },
        {
            "name": "ramsey/uuid",
            "version": "4.7.4",
            "source": {
                "type": "git",
                "url": "https://github.com/ramsey/uuid.git",
                "reference": "60a4c63ab724854332900504274f6150ff26d286"
            },
            "dist": {
                "type": "zip",
                "url": "https://api.github.com/repos/ramsey/uuid/zipball/60a4c63ab724854332900504274f6150ff26d286",
                "reference": "60a4c63ab724854332900504274f6150ff26d286",
                "shasum": ""
            },
            "require": {
                "brick/math": "^0.8.8 || ^0.9 || ^0.10 || ^0.11",
                "ext-json": "*",
                "php": "^8.0",
                "ramsey/collection": "^1.2 || ^2.0"
            },
            "replace": {
                "rhumsaa/uuid": "self.version"
            },
            "require-dev": {
                "captainhook/captainhook": "^5.10",
                "captainhook/plugin-composer": "^5.3",
                "dealerdirect/phpcodesniffer-composer-installer": "^0.7.0",
                "doctrine/annotations": "^1.8",
                "ergebnis/composer-normalize": "^2.15",
                "mockery/mockery": "^1.3",
                "paragonie/random-lib": "^2",
                "php-mock/php-mock": "^2.2",
                "php-mock/php-mock-mockery": "^1.3",
                "php-parallel-lint/php-parallel-lint": "^1.1",
                "phpbench/phpbench": "^1.0",
                "phpstan/extension-installer": "^1.1",
                "phpstan/phpstan": "^1.8",
                "phpstan/phpstan-mockery": "^1.1",
                "phpstan/phpstan-phpunit": "^1.1",
                "phpunit/phpunit": "^8.5 || ^9",
                "ramsey/composer-repl": "^1.4",
                "slevomat/coding-standard": "^8.4",
                "squizlabs/php_codesniffer": "^3.5",
                "vimeo/psalm": "^4.9"
            },
            "suggest": {
                "ext-bcmath": "Enables faster math with arbitrary-precision integers using BCMath.",
                "ext-gmp": "Enables faster math with arbitrary-precision integers using GMP.",
                "ext-uuid": "Enables the use of PeclUuidTimeGenerator and PeclUuidRandomGenerator.",
                "paragonie/random-lib": "Provides RandomLib for use with the RandomLibAdapter",
                "ramsey/uuid-doctrine": "Allows the use of Ramsey\\Uuid\\Uuid as Doctrine field type."
            },
            "type": "library",
            "extra": {
                "captainhook": {
                    "force-install": true
                }
            },
            "autoload": {
                "files": [
                    "src/functions.php"
                ],
                "psr-4": {
                    "Ramsey\\Uuid\\": "src/"
                }
            },
            "notification-url": "https://packagist.org/downloads/",
            "license": [
                "MIT"
            ],
            "description": "A PHP library for generating and working with universally unique identifiers (UUIDs).",
            "keywords": [
                "guid",
                "identifier",
                "uuid"
            ],
            "support": {
                "issues": "https://github.com/ramsey/uuid/issues",
                "source": "https://github.com/ramsey/uuid/tree/4.7.4"
            },
            "funding": [
                {
                    "url": "https://github.com/ramsey",
                    "type": "github"
                },
                {
                    "url": "https://tidelift.com/funding/github/packagist/ramsey/uuid",
                    "type": "tidelift"
                }
            ],
            "time": "2023-04-15T23:01:58+00:00"
        },
        {
            "name": "sof3/await-generator",
            "version": "3.6.1",
            "source": {
                "type": "git",
                "url": "https://github.com/SOF3/await-generator.git",
                "reference": "90f4dda776eaf9bcb4693599c61c42e4c584a73f"
            },
            "dist": {
                "type": "zip",
                "url": "https://api.github.com/repos/SOF3/await-generator/zipball/90f4dda776eaf9bcb4693599c61c42e4c584a73f",
                "reference": "90f4dda776eaf9bcb4693599c61c42e4c584a73f",
                "shasum": ""
            },
            "require": {
                "ext-bcmath": "*",
                "php": "^8.0"
            },
            "require-dev": {
                "composer/package-versions-deprecated": "1.11.99.1",
                "infection/infection": "^0.18.2 || ^0.20.2 || ^0.26.0",
                "phpstan/phpstan": "^0.12.84",
                "phpunit/phpunit": "^9"
            },
            "type": "library",
            "extra": {
                "virion": {
                    "spec": "3.0",
                    "namespace-root": "SOFe\\AwaitGenerator"
                }
            },
            "autoload": {
                "psr-0": {
                    "SOFe\\AwaitGenerator\\": "await-generator/src/"
                }
            },
            "notification-url": "https://packagist.org/downloads/",
            "license": [
                "apache-2.0"
            ],
            "authors": [
                {
                    "name": "SOFe",
                    "email": "sofe2038@gmail.com"
                }
            ],
            "description": "Use async/await in PHP using generators",
            "support": {
                "issues": "https://github.com/SOF3/await-generator/issues",
                "source": "https://github.com/SOF3/await-generator/tree/3.6.1"
            },
            "time": "2023-07-27T09:45:08+00:00"
        },
        {
            "name": "symfony/filesystem",
            "version": "v6.3.1",
            "source": {
                "type": "git",
                "url": "https://github.com/symfony/filesystem.git",
                "reference": "edd36776956f2a6fcf577edb5b05eb0e3bdc52ae"
            },
            "dist": {
                "type": "zip",
                "url": "https://api.github.com/repos/symfony/filesystem/zipball/edd36776956f2a6fcf577edb5b05eb0e3bdc52ae",
                "reference": "edd36776956f2a6fcf577edb5b05eb0e3bdc52ae",
                "shasum": ""
            },
            "require": {
                "php": ">=8.1",
                "symfony/polyfill-ctype": "~1.8",
                "symfony/polyfill-mbstring": "~1.8"
            },
            "type": "library",
            "autoload": {
                "psr-4": {
                    "Symfony\\Component\\Filesystem\\": ""
                },
                "exclude-from-classmap": [
                    "/Tests/"
                ]
            },
            "notification-url": "https://packagist.org/downloads/",
            "license": [
                "MIT"
            ],
            "authors": [
                {
                    "name": "Fabien Potencier",
                    "email": "fabien@symfony.com"
                },
                {
                    "name": "Symfony Community",
                    "homepage": "https://symfony.com/contributors"
                }
            ],
            "description": "Provides basic utilities for the filesystem",
            "homepage": "https://symfony.com",
            "support": {
                "source": "https://github.com/symfony/filesystem/tree/v6.3.1"
            },
            "funding": [
                {
                    "url": "https://symfony.com/sponsor",
                    "type": "custom"
                },
                {
                    "url": "https://github.com/fabpot",
                    "type": "github"
                },
                {
                    "url": "https://tidelift.com/funding/github/packagist/symfony/symfony",
                    "type": "tidelift"
                }
            ],
            "time": "2023-06-01T08:30:39+00:00"
        },
        {
            "name": "symfony/polyfill-ctype",
            "version": "v1.27.0",
            "source": {
                "type": "git",
                "url": "https://github.com/symfony/polyfill-ctype.git",
                "reference": "5bbc823adecdae860bb64756d639ecfec17b050a"
            },
            "dist": {
                "type": "zip",
                "url": "https://api.github.com/repos/symfony/polyfill-ctype/zipball/5bbc823adecdae860bb64756d639ecfec17b050a",
                "reference": "5bbc823adecdae860bb64756d639ecfec17b050a",
                "shasum": ""
            },
            "require": {
                "php": ">=7.1"
            },
            "provide": {
                "ext-ctype": "*"
            },
            "suggest": {
                "ext-ctype": "For best performance"
            },
            "type": "library",
            "extra": {
                "branch-alias": {
                    "dev-main": "1.27-dev"
                },
                "thanks": {
                    "name": "symfony/polyfill",
                    "url": "https://github.com/symfony/polyfill"
                }
            },
            "autoload": {
                "files": [
                    "bootstrap.php"
                ],
                "psr-4": {
                    "Symfony\\Polyfill\\Ctype\\": ""
                }
            },
            "notification-url": "https://packagist.org/downloads/",
            "license": [
                "MIT"
            ],
            "authors": [
                {
                    "name": "Gert de Pagter",
                    "email": "BackEndTea@gmail.com"
                },
                {
                    "name": "Symfony Community",
                    "homepage": "https://symfony.com/contributors"
                }
            ],
            "description": "Symfony polyfill for ctype functions",
            "homepage": "https://symfony.com",
            "keywords": [
                "compatibility",
                "ctype",
                "polyfill",
                "portable"
            ],
            "support": {
                "source": "https://github.com/symfony/polyfill-ctype/tree/v1.27.0"
            },
            "funding": [
                {
                    "url": "https://symfony.com/sponsor",
                    "type": "custom"
                },
                {
                    "url": "https://github.com/fabpot",
                    "type": "github"
                },
                {
                    "url": "https://tidelift.com/funding/github/packagist/symfony/symfony",
                    "type": "tidelift"
                }
            ],
            "time": "2022-11-03T14:55:06+00:00"
        },
        {
            "name": "symfony/polyfill-mbstring",
            "version": "v1.27.0",
            "source": {
                "type": "git",
                "url": "https://github.com/symfony/polyfill-mbstring.git",
                "reference": "8ad114f6b39e2c98a8b0e3bd907732c207c2b534"
            },
            "dist": {
                "type": "zip",
                "url": "https://api.github.com/repos/symfony/polyfill-mbstring/zipball/8ad114f6b39e2c98a8b0e3bd907732c207c2b534",
                "reference": "8ad114f6b39e2c98a8b0e3bd907732c207c2b534",
                "shasum": ""
            },
            "require": {
                "php": ">=7.1"
            },
            "provide": {
                "ext-mbstring": "*"
            },
            "suggest": {
                "ext-mbstring": "For best performance"
            },
            "type": "library",
            "extra": {
                "branch-alias": {
                    "dev-main": "1.27-dev"
                },
                "thanks": {
                    "name": "symfony/polyfill",
                    "url": "https://github.com/symfony/polyfill"
                }
            },
            "autoload": {
                "files": [
                    "bootstrap.php"
                ],
                "psr-4": {
                    "Symfony\\Polyfill\\Mbstring\\": ""
                }
            },
            "notification-url": "https://packagist.org/downloads/",
            "license": [
                "MIT"
            ],
            "authors": [
                {
                    "name": "Nicolas Grekas",
                    "email": "p@tchwork.com"
                },
                {
                    "name": "Symfony Community",
                    "homepage": "https://symfony.com/contributors"
                }
            ],
            "description": "Symfony polyfill for the Mbstring extension",
            "homepage": "https://symfony.com",
            "keywords": [
                "compatibility",
                "mbstring",
                "polyfill",
                "portable",
                "shim"
            ],
            "support": {
                "source": "https://github.com/symfony/polyfill-mbstring/tree/v1.27.0"
            },
            "funding": [
                {
                    "url": "https://symfony.com/sponsor",
                    "type": "custom"
                },
                {
                    "url": "https://github.com/fabpot",
                    "type": "github"
                },
                {
                    "url": "https://tidelift.com/funding/github/packagist/symfony/symfony",
                    "type": "tidelift"
                }
            ],
            "time": "2022-11-03T14:55:06+00:00"
        }
    ],
    "packages-dev": [],
    "aliases": [],
    "minimum-stability": "stable",
    "stability-flags": {
        "pocketmine/pocketmine-mp": 10
    },
    "prefer-stable": false,
    "prefer-lowest": false,
    "platform": [],
    "platform-dev": [],
    "plugin-api-version": "2.3.0"
}
